
Microsoft Visual Studio Solution File, Format Version 12.00
# Visual Studio Version 17
VisualStudioVersion = 17.3.32825.248
MinimumVisualStudioVersion = 10.0.40219.1
Project("{2150E333-8FDC-42A3-9474-1A3956D46DE8}") = "Domain", "Domain", "{90006912-A86C-4B9E-B22F-8ED3227D00BB}"
EndProject
Project("{2150E333-8FDC-42A3-9474-1A3956D46DE8}") = "Infra.Bus", "Infra.Bus", "{BD24FCAD-A4B2-4EBF-AF96-3C044676F689}"
EndProject
Project("{2150E333-8FDC-42A3-9474-1A3956D46DE8}") = "Infra.IoC", "Infra.IoC", "{1633B1C1-5D04-44A7-9653-89A67F1044B2}"
EndProject
Project("{2150E333-8FDC-42A3-9474-1A3956D46DE8}") = "Microservices", "Microservices", "{92D45659-172E-4584-9ACA-325B9798527F}"
EndProject
Project("{FAE04EC0-301F-11D3-BF4B-00C04F79EFBC}") = "MicroRabbit.Domain.Core", "MicroRabbit.Domain.Core\MicroRabbit.Domain.Core.csproj", "{D1FB0123-E4DB-4B2D-9355-A93B155F0D5F}"
EndProject
Project("{FAE04EC0-301F-11D3-BF4B-00C04F79EFBC}") = "MicroRabbit.Infra.Bus", "MicroRabbit.Infra.Bus\MicroRabbit.Infra.Bus.csproj", "{9039D58F-D963-4B07-99C0-6E1F94F381CD}"
EndProject
Project("{FAE04EC0-301F-11D3-BF4B-00C04F79EFBC}") = "MicroRabbit.Infra.Ioc", "Infra.IoC\MicroRabbit.Infra.Ioc\MicroRabbit.Infra.Ioc.csproj", "{C03D31CF-7081-402E-B86C-48F5BB844F40}"
EndProject
Project("{2150E333-8FDC-42A3-9474-1A3956D46DE8}") = "Banking", "Banking", "{4FEB3972-7A2F-4EFE-BD27-C763FBF0AD71}"
EndProject
Project("{2150E333-8FDC-42A3-9474-1A3956D46DE8}") = "Api", "Api", "{25D83973-03BA-4221-9CFF-DDE820E6BA21}"
EndProject
Project("{2150E333-8FDC-42A3-9474-1A3956D46DE8}") = "Application", "Application", "{E4E23FEE-4A13-4764-8B6E-B62670243C4A}"
EndProject
Project("{2150E333-8FDC-42A3-9474-1A3956D46DE8}") = "Data", "Data", "{711AE9C0-D7A1-4AEA-B438-76781CA5700E}"
EndProject
Project("{2150E333-8FDC-42A3-9474-1A3956D46DE8}") = "Domain", "Domain", "{A4788F76-2B19-4AC0-BF06-68C2126429FD}"
EndProject
Project("{FAE04EC0-301F-11D3-BF4B-00C04F79EFBC}") = "MicroRabbit.Banking.Domain", "MicroRabbit.Banking.Domain\MicroRabbit.Banking.Domain.csproj", "{D60A2928-6008-4B75-BC7A-579345029ABC}"
EndProject
Project("{FAE04EC0-301F-11D3-BF4B-00C04F79EFBC}") = "MicroRabbit.Banking.Api", "MicroRabbit.Banking.Api\MicroRabbit.Banking.Api.csproj", "{4BE65B18-8F84-463E-B4EF-CE350CACE1B8}"
EndProject
Project("{FAE04EC0-301F-11D3-BF4B-00C04F79EFBC}") = "MicroRabbit.Banking.Application", "MicroRabbit.Banking.Application\MicroRabbit.Banking.Application.csproj", "{4B1BAD5E-D55C-48DA-A839-2F73B297DBD5}"
EndProject
Project("{FAE04EC0-301F-11D3-BF4B-00C04F79EFBC}") = "MicroRabbit.Banking.Data", "MicroRabbit.Banking.Data\MicroRabbit.Banking.Data.csproj", "{84583E1E-7B28-4460-A613-90850DF3A4D2}"
EndProject
Global
	GlobalSection(SolutionConfigurationPlatforms) = preSolution
		Debug|Any CPU = Debug|Any CPU
		Release|Any CPU = Release|Any CPU
	EndGlobalSection
	GlobalSection(ProjectConfigurationPlatforms) = postSolution
		{D1FB0123-E4DB-4B2D-9355-A93B155F0D5F}.Debug|Any CPU.ActiveCfg = Debug|Any CPU
		{D1FB0123-E4DB-4B2D-9355-A93B155F0D5F}.Debug|Any CPU.Build.0 = Debug|Any CPU
		{D1FB0123-E4DB-4B2D-9355-A93B155F0D5F}.Release|Any CPU.ActiveCfg = Release|Any CPU
		{D1FB0123-E4DB-4B2D-9355-A93B155F0D5F}.Release|Any CPU.Build.0 = Release|Any CPU
		{9039D58F-D963-4B07-99C0-6E1F94F381CD}.Debug|Any CPU.ActiveCfg = Debug|Any CPU
		{9039D58F-D963-4B07-99C0-6E1F94F381CD}.Debug|Any CPU.Build.0 = Debug|Any CPU
		{9039D58F-D963-4B07-99C0-6E1F94F381CD}.Release|Any CPU.ActiveCfg = Release|Any CPU
		{9039D58F-D963-4B07-99C0-6E1F94F381CD}.Release|Any CPU.Build.0 = Release|Any CPU
		{C03D31CF-7081-402E-B86C-48F5BB844F40}.Debug|Any CPU.ActiveCfg = Debug|Any CPU
		{C03D31CF-7081-402E-B86C-48F5BB844F40}.Debug|Any CPU.Build.0 = Debug|Any CPU
		{C03D31CF-7081-402E-B86C-48F5BB844F40}.Release|Any CPU.ActiveCfg = Release|Any CPU
		{C03D31CF-7081-402E-B86C-48F5BB844F40}.Release|Any CPU.Build.0 = Release|Any CPU
		{D60A2928-6008-4B75-BC7A-579345029ABC}.Debug|Any CPU.ActiveCfg = Debug|Any CPU
		{D60A2928-6008-4B75-BC7A-579345029ABC}.Debug|Any CPU.Build.0 = Debug|Any CPU
		{D60A2928-6008-4B75-BC7A-579345029ABC}.Release|Any CPU.ActiveCfg = Release|Any CPU
		{D60A2928-6008-4B75-BC7A-579345029ABC}.Release|Any CPU.Build.0 = Release|Any CPU
		{4BE65B18-8F84-463E-B4EF-CE350CACE1B8}.Debug|Any CPU.ActiveCfg = Debug|Any CPU
		{4BE65B18-8F84-463E-B4EF-CE350CACE1B8}.Debug|Any CPU.Build.0 = Debug|Any CPU
		{4BE65B18-8F84-463E-B4EF-CE350CACE1B8}.Release|Any CPU.ActiveCfg = Release|Any CPU
		{4BE65B18-8F84-463E-B4EF-CE350CACE1B8}.Release|Any CPU.Build.0 = Release|Any CPU
		{4B1BAD5E-D55C-48DA-A839-2F73B297DBD5}.Debug|Any CPU.ActiveCfg = Debug|Any CPU
		{4B1BAD5E-D55C-48DA-A839-2F73B297DBD5}.Debug|Any CPU.Build.0 = Debug|Any CPU
		{4B1BAD5E-D55C-48DA-A839-2F73B297DBD5}.Release|Any CPU.ActiveCfg = Release|Any CPU
		{4B1BAD5E-D55C-48DA-A839-2F73B297DBD5}.Release|Any CPU.Build.0 = Release|Any CPU
		{84583E1E-7B28-4460-A613-90850DF3A4D2}.Debug|Any CPU.ActiveCfg = Debug|Any CPU
		{84583E1E-7B28-4460-A613-90850DF3A4D2}.Debug|Any CPU.Build.0 = Debug|Any CPU
		{84583E1E-7B28-4460-A613-90850DF3A4D2}.Release|Any CPU.ActiveCfg = Release|Any CPU
		{84583E1E-7B28-4460-A613-90850DF3A4D2}.Release|Any CPU.Build.0 = Release|Any CPU
	EndGlobalSection
	GlobalSection(SolutionProperties) = preSolution
		HideSolutionNode = FALSE
	EndGlobalSection
	GlobalSection(NestedProjects) = preSolution
		{D1FB0123-E4DB-4B2D-9355-A93B155F0D5F} = {90006912-A86C-4B9E-B22F-8ED3227D00BB}
		{9039D58F-D963-4B07-99C0-6E1F94F381CD} = {BD24FCAD-A4B2-4EBF-AF96-3C044676F689}
		{C03D31CF-7081-402E-B86C-48F5BB844F40} = {1633B1C1-5D04-44A7-9653-89A67F1044B2}
		{4FEB3972-7A2F-4EFE-BD27-C763FBF0AD71} = {92D45659-172E-4584-9ACA-325B9798527F}
		{25D83973-03BA-4221-9CFF-DDE820E6BA21} = {4FEB3972-7A2F-4EFE-BD27-C763FBF0AD71}
		{E4E23FEE-4A13-4764-8B6E-B62670243C4A} = {4FEB3972-7A2F-4EFE-BD27-C763FBF0AD71}
		{711AE9C0-D7A1-4AEA-B438-76781CA5700E} = {4FEB3972-7A2F-4EFE-BD27-C763FBF0AD71}
		{A4788F76-2B19-4AC0-BF06-68C2126429FD} = {4FEB3972-7A2F-4EFE-BD27-C763FBF0AD71}
		{D60A2928-6008-4B75-BC7A-579345029ABC} = {A4788F76-2B19-4AC0-BF06-68C2126429FD}
		{4BE65B18-8F84-463E-B4EF-CE350CACE1B8} = {25D83973-03BA-4221-9CFF-DDE820E6BA21}
		{4B1BAD5E-D55C-48DA-A839-2F73B297DBD5} = {E4E23FEE-4A13-4764-8B6E-B62670243C4A}
		{84583E1E-7B28-4460-A613-90850DF3A4D2} = {711AE9C0-D7A1-4AEA-B438-76781CA5700E}
	EndGlobalSection
	GlobalSection(ExtensibilityGlobals) = postSolution
		SolutionGuid = {41F66B2D-03F6-45C9-95F1-D2923B0012EE}
	EndGlobalSection
EndGlobal
